
Microsoft Visual Studio Solution File, Format Version 12.00
# Visual Studio Version 17
VisualStudioVersion = 17.13.35919.96
MinimumVisualStudioVersion = 10.0.40219.1
Project("{FAE04EC0-301F-11D3-BF4B-00C04F79EFBC}") = "Liv", "Liv\Liv.csproj", "{9C43D749-02CF-47AB-97F7-24399FB98374}"
EndProject
Global
	GlobalSection(SolutionConfigurationPlatforms) = preSolution
		Debug|Any CPU = Debug|Any CPU
		Release|Any CPU = Release|Any CPU
	EndGlobalSection
	GlobalSection(ProjectConfigurationPlatforms) = postSolution
		{9C43D749-02CF-47AB-97F7-24399FB98374}.Debug|Any CPU.ActiveCfg = Debug|Any CPU
		{9C43D749-02CF-47AB-97F7-24399FB98374}.Debug|Any CPU.Build.0 = Debug|Any CPU
		{9C43D749-02CF-47AB-97F7-24399FB98374}.Release|Any CPU.ActiveCfg = Release|Any CPU
		{9C43D749-02CF-47AB-97F7-24399FB98374}.Release|Any CPU.Build.0 = Release|Any CPU
	EndGlobalSection
	GlobalSection(SolutionProperties) = preSolution
		HideSolutionNode = FALSE
	EndGlobalSection
	GlobalSection(ExtensibilityGlobals) = postSolution
		SolutionGuid = {BF3FEE82-9169-4075-B1E6-D889E2F8ECB1}
	EndGlobalSection
EndGlobal
